
Microsoft Visual Studio Solution File, Format Version 12.00
# Visual Studio Version 16
VisualStudioVersion = 16.0.29806.167
MinimumVisualStudioVersion = 10.0.40219.1
Project("{FAE04EC0-301F-11D3-BF4B-00C04F79EFBC}") = "BarleyBreak.Android", "BarleyBreak\BarleyBreak.Android\BarleyBreak.Android.csproj", "{5CCAE76F-599D-44BA-BC5B-2791463AAA03}"
EndProject
Project("{FAE04EC0-301F-11D3-BF4B-00C04F79EFBC}") = "BarleyBreak", "BarleyBreak\BarleyBreak\BarleyBreak.csproj", "{388BF5F0-C9E2-4868-9554-1049D8E3F1B5}"
EndProject
Global
	GlobalSection(SolutionConfigurationPlatforms) = preSolution
		Debug|Any CPU = Debug|Any CPU
		Release|Any CPU = Release|Any CPU
	EndGlobalSection
	GlobalSection(ProjectConfigurationPlatforms) = postSolution
		{5CCAE76F-599D-44BA-BC5B-2791463AAA03}.Debug|Any CPU.ActiveCfg = Debug|Any CPU
		{5CCAE76F-599D-44BA-BC5B-2791463AAA03}.Debug|Any CPU.Build.0 = Debug|Any CPU
		{5CCAE76F-599D-44BA-BC5B-2791463AAA03}.Debug|Any CPU.Deploy.0 = Debug|Any CPU
		{5CCAE76F-599D-44BA-BC5B-2791463AAA03}.Release|Any CPU.ActiveCfg = Release|Any CPU
		{5CCAE76F-599D-44BA-BC5B-2791463AAA03}.Release|Any CPU.Build.0 = Release|Any CPU
		{5CCAE76F-599D-44BA-BC5B-2791463AAA03}.Release|Any CPU.Deploy.0 = Release|Any CPU
		{388BF5F0-C9E2-4868-9554-1049D8E3F1B5}.Debug|Any CPU.ActiveCfg = Debug|Any CPU
		{388BF5F0-C9E2-4868-9554-1049D8E3F1B5}.Debug|Any CPU.Build.0 = Debug|Any CPU
		{388BF5F0-C9E2-4868-9554-1049D8E3F1B5}.Debug|Any CPU.Deploy.0 = Debug|Any CPU
		{388BF5F0-C9E2-4868-9554-1049D8E3F1B5}.Release|Any CPU.ActiveCfg = Release|Any CPU
		{388BF5F0-C9E2-4868-9554-1049D8E3F1B5}.Release|Any CPU.Build.0 = Release|Any CPU
		{388BF5F0-C9E2-4868-9554-1049D8E3F1B5}.Release|Any CPU.Deploy.0 = Release|Any CPU
	EndGlobalSection
	GlobalSection(SolutionProperties) = preSolution
		HideSolutionNode = FALSE
	EndGlobalSection
	GlobalSection(ExtensibilityGlobals) = postSolution
		SolutionGuid = {3AE9CD7A-2010-48F8-840E-B41EC97F7611}
	EndGlobalSection
EndGlobal
